
Microsoft Visual Studio Solution File, Format Version 12.00
# Visual Studio Version 17
VisualStudioVersion = 17.0.31919.166
MinimumVisualStudioVersion = 10.0.40219.1
Project("{FAE04EC0-301F-11D3-BF4B-00C04F79EFBC}") = "ITTV.WPF", "WPF\ITTV.WPF\ITTV.WPF.csproj", "{69BB0E72-9FA9-43B7-9673-1BCB6F7F3877}"
EndProject
Project("{9A19103F-16F7-4668-BE54-9A1E7A4F7556}") = "ITTV.WPF.Core", "WPF\ITTV.WPF.Core\ITTV.WPF.Core.csproj", "{8FF442D1-2F42-4F30-B407-EB6464378DA7}"
EndProject
Project("{9A19103F-16F7-4668-BE54-9A1E7A4F7556}") = "ITTV.WPF.Tests", "WPF\ITTV.WPF.Tests\ITTV.WPF.Tests.csproj", "{8B74321E-4B8D-42C1-BD1D-1E41992B74D0}"
EndProject
Project("{9A19103F-16F7-4668-BE54-9A1E7A4F7556}") = "ITTV.API", "API\ITTV.API\ITTV.API.csproj", "{C2E5C53C-0462-486E-8573-8C27232D17D2}"
EndProject
Project("{2150E333-8FDC-42A3-9474-1A3956D46DE8}") = "API", "API", "{95FA637E-04AA-4504-B826-BE3FDB948851}"
EndProject
Project("{9A19103F-16F7-4668-BE54-9A1E7A4F7556}") = "ITTV.API.Infrastructure.Data", "API\ITTV.API.Infrastructure.Data\ITTV.API.Infrastructure.Data.csproj", "{22DA7E64-568B-433A-A15B-00A7F320DBD6}"
EndProject
Project("{9A19103F-16F7-4668-BE54-9A1E7A4F7556}") = "ITTV.API.Domain", "API\ITTV.API.Domain\ITTV.API.Domain.csproj", "{86E962CB-0538-4926-9B5D-23E5C3FDD211}"
EndProject
Project("{9A19103F-16F7-4668-BE54-9A1E7A4F7556}") = "ITTV.API.Core", "API\ITTV.API.Core\ITTV.API.Core.csproj", "{D59E0F94-6AB6-4A9E-9CA5-1E9BBDDDB9F1}"
EndProject
Project("{2150E333-8FDC-42A3-9474-1A3956D46DE8}") = "WPF", "WPF", "{744F9D8A-F372-4002-9BEF-E48BAFE17048}"
EndProject
Project("{FAE04EC0-301F-11D3-BF4B-00C04F79EFBC}") = "ITTV.WPF.Sources", "WPF\ITTV.WPF.Sources\ITTV.WPF.Sources.csproj", "{7B2F4676-E48E-4E45-9BCB-2973F1C00C1B}"
EndProject
Global
	GlobalSection(SolutionConfigurationPlatforms) = preSolution
		Debug|Any CPU = Debug|Any CPU
		Debug|ARM = Debug|ARM
		Debug|ARM64 = Debug|ARM64
		Debug|x64 = Debug|x64
		Debug|x86 = Debug|x86
		Release|Any CPU = Release|Any CPU
		Release|ARM = Release|ARM
		Release|ARM64 = Release|ARM64
		Release|x64 = Release|x64
		Release|x86 = Release|x86
	EndGlobalSection
	GlobalSection(ProjectConfigurationPlatforms) = postSolution
		{69BB0E72-9FA9-43B7-9673-1BCB6F7F3877}.Debug|Any CPU.ActiveCfg = Debug|Any CPU
		{69BB0E72-9FA9-43B7-9673-1BCB6F7F3877}.Debug|Any CPU.Build.0 = Debug|Any CPU
		{69BB0E72-9FA9-43B7-9673-1BCB6F7F3877}.Debug|ARM.ActiveCfg = Debug|Any CPU
		{69BB0E72-9FA9-43B7-9673-1BCB6F7F3877}.Debug|ARM.Build.0 = Debug|Any CPU
		{69BB0E72-9FA9-43B7-9673-1BCB6F7F3877}.Debug|ARM64.ActiveCfg = Debug|Any CPU
		{69BB0E72-9FA9-43B7-9673-1BCB6F7F3877}.Debug|ARM64.Build.0 = Debug|Any CPU
		{69BB0E72-9FA9-43B7-9673-1BCB6F7F3877}.Debug|x64.ActiveCfg = Debug|Any CPU
		{69BB0E72-9FA9-43B7-9673-1BCB6F7F3877}.Debug|x64.Build.0 = Debug|Any CPU
		{69BB0E72-9FA9-43B7-9673-1BCB6F7F3877}.Debug|x86.ActiveCfg = Debug|Any CPU
		{69BB0E72-9FA9-43B7-9673-1BCB6F7F3877}.Debug|x86.Build.0 = Debug|Any CPU
		{69BB0E72-9FA9-43B7-9673-1BCB6F7F3877}.Release|Any CPU.ActiveCfg = Release|Any CPU
		{69BB0E72-9FA9-43B7-9673-1BCB6F7F3877}.Release|Any CPU.Build.0 = Release|Any CPU
		{69BB0E72-9FA9-43B7-9673-1BCB6F7F3877}.Release|ARM.ActiveCfg = Release|Any CPU
		{69BB0E72-9FA9-43B7-9673-1BCB6F7F3877}.Release|ARM.Build.0 = Release|Any CPU
		{69BB0E72-9FA9-43B7-9673-1BCB6F7F3877}.Release|ARM64.ActiveCfg = Release|Any CPU
		{69BB0E72-9FA9-43B7-9673-1BCB6F7F3877}.Release|ARM64.Build.0 = Release|Any CPU
		{69BB0E72-9FA9-43B7-9673-1BCB6F7F3877}.Release|x64.ActiveCfg = Release|Any CPU
		{69BB0E72-9FA9-43B7-9673-1BCB6F7F3877}.Release|x64.Build.0 = Release|Any CPU
		{69BB0E72-9FA9-43B7-9673-1BCB6F7F3877}.Release|x86.ActiveCfg = Release|Any CPU
		{69BB0E72-9FA9-43B7-9673-1BCB6F7F3877}.Release|x86.Build.0 = Release|Any CPU
		{8FF442D1-2F42-4F30-B407-EB6464378DA7}.Debug|Any CPU.ActiveCfg = Debug|Any CPU
		{8FF442D1-2F42-4F30-B407-EB6464378DA7}.Debug|Any CPU.Build.0 = Debug|Any CPU
		{8FF442D1-2F42-4F30-B407-EB6464378DA7}.Debug|ARM.ActiveCfg = Debug|Any CPU
		{8FF442D1-2F42-4F30-B407-EB6464378DA7}.Debug|ARM.Build.0 = Debug|Any CPU
		{8FF442D1-2F42-4F30-B407-EB6464378DA7}.Debug|ARM64.ActiveCfg = Debug|Any CPU
		{8FF442D1-2F42-4F30-B407-EB6464378DA7}.Debug|ARM64.Build.0 = Debug|Any CPU
		{8FF442D1-2F42-4F30-B407-EB6464378DA7}.Debug|x64.ActiveCfg = Debug|Any CPU
		{8FF442D1-2F42-4F30-B407-EB6464378DA7}.Debug|x64.Build.0 = Debug|Any CPU
		{8FF442D1-2F42-4F30-B407-EB6464378DA7}.Debug|x86.ActiveCfg = Debug|Any CPU
		{8FF442D1-2F42-4F30-B407-EB6464378DA7}.Debug|x86.Build.0 = Debug|Any CPU
		{8FF442D1-2F42-4F30-B407-EB6464378DA7}.Release|Any CPU.ActiveCfg = Release|Any CPU
		{8FF442D1-2F42-4F30-B407-EB6464378DA7}.Release|Any CPU.Build.0 = Release|Any CPU
		{8FF442D1-2F42-4F30-B407-EB6464378DA7}.Release|ARM.ActiveCfg = Release|Any CPU
		{8FF442D1-2F42-4F30-B407-EB6464378DA7}.Release|ARM.Build.0 = Release|Any CPU
		{8FF442D1-2F42-4F30-B407-EB6464378DA7}.Release|ARM64.ActiveCfg = Release|Any CPU
		{8FF442D1-2F42-4F30-B407-EB6464378DA7}.Release|ARM64.Build.0 = Release|Any CPU
		{8FF442D1-2F42-4F30-B407-EB6464378DA7}.Release|x64.ActiveCfg = Release|Any CPU
		{8FF442D1-2F42-4F30-B407-EB6464378DA7}.Release|x64.Build.0 = Release|Any CPU
		{8FF442D1-2F42-4F30-B407-EB6464378DA7}.Release|x86.ActiveCfg = Release|Any CPU
		{8FF442D1-2F42-4F30-B407-EB6464378DA7}.Release|x86.Build.0 = Release|Any CPU
		{8B74321E-4B8D-42C1-BD1D-1E41992B74D0}.Debug|Any CPU.ActiveCfg = Debug|Any CPU
		{8B74321E-4B8D-42C1-BD1D-1E41992B74D0}.Debug|Any CPU.Build.0 = Debug|Any CPU
		{8B74321E-4B8D-42C1-BD1D-1E41992B74D0}.Debug|ARM.ActiveCfg = Debug|Any CPU
		{8B74321E-4B8D-42C1-BD1D-1E41992B74D0}.Debug|ARM.Build.0 = Debug|Any CPU
		{8B74321E-4B8D-42C1-BD1D-1E41992B74D0}.Debug|ARM64.ActiveCfg = Debug|Any CPU
		{8B74321E-4B8D-42C1-BD1D-1E41992B74D0}.Debug|ARM64.Build.0 = Debug|Any CPU
		{8B74321E-4B8D-42C1-BD1D-1E41992B74D0}.Debug|x64.ActiveCfg = Debug|Any CPU
		{8B74321E-4B8D-42C1-BD1D-1E41992B74D0}.Debug|x64.Build.0 = Debug|Any CPU
		{8B74321E-4B8D-42C1-BD1D-1E41992B74D0}.Debug|x86.ActiveCfg = Debug|Any CPU
		{8B74321E-4B8D-42C1-BD1D-1E41992B74D0}.Debug|x86.Build.0 = Debug|Any CPU
		{8B74321E-4B8D-42C1-BD1D-1E41992B74D0}.Release|Any CPU.ActiveCfg = Release|Any CPU
		{8B74321E-4B8D-42C1-BD1D-1E41992B74D0}.Release|Any CPU.Build.0 = Release|Any CPU
		{8B74321E-4B8D-42C1-BD1D-1E41992B74D0}.Release|ARM.ActiveCfg = Release|Any CPU
		{8B74321E-4B8D-42C1-BD1D-1E41992B74D0}.Release|ARM.Build.0 = Release|Any CPU
		{8B74321E-4B8D-42C1-BD1D-1E41992B74D0}.Release|ARM64.ActiveCfg = Release|Any CPU
		{8B74321E-4B8D-42C1-BD1D-1E41992B74D0}.Release|ARM64.Build.0 = Release|Any CPU
		{8B74321E-4B8D-42C1-BD1D-1E41992B74D0}.Release|x64.ActiveCfg = Release|Any CPU
		{8B74321E-4B8D-42C1-BD1D-1E41992B74D0}.Release|x64.Build.0 = Release|Any CPU
		{8B74321E-4B8D-42C1-BD1D-1E41992B74D0}.Release|x86.ActiveCfg = Release|Any CPU
		{8B74321E-4B8D-42C1-BD1D-1E41992B74D0}.Release|x86.Build.0 = Release|Any CPU
		{C2E5C53C-0462-486E-8573-8C27232D17D2}.Debug|Any CPU.ActiveCfg = Debug|Any CPU
		{C2E5C53C-0462-486E-8573-8C27232D17D2}.Debug|Any CPU.Build.0 = Debug|Any CPU
		{C2E5C53C-0462-486E-8573-8C27232D17D2}.Debug|ARM.ActiveCfg = Debug|Any CPU
		{C2E5C53C-0462-486E-8573-8C27232D17D2}.Debug|ARM.Build.0 = Debug|Any CPU
		{C2E5C53C-0462-486E-8573-8C27232D17D2}.Debug|ARM64.ActiveCfg = Debug|Any CPU
		{C2E5C53C-0462-486E-8573-8C27232D17D2}.Debug|ARM64.Build.0 = Debug|Any CPU
		{C2E5C53C-0462-486E-8573-8C27232D17D2}.Debug|x64.ActiveCfg = Debug|Any CPU
		{C2E5C53C-0462-486E-8573-8C27232D17D2}.Debug|x64.Build.0 = Debug|Any CPU
		{C2E5C53C-0462-486E-8573-8C27232D17D2}.Debug|x86.ActiveCfg = Debug|Any CPU
		{C2E5C53C-0462-486E-8573-8C27232D17D2}.Debug|x86.Build.0 = Debug|Any CPU
		{C2E5C53C-0462-486E-8573-8C27232D17D2}.Release|Any CPU.ActiveCfg = Release|Any CPU
		{C2E5C53C-0462-486E-8573-8C27232D17D2}.Release|Any CPU.Build.0 = Release|Any CPU
		{C2E5C53C-0462-486E-8573-8C27232D17D2}.Release|ARM.ActiveCfg = Release|Any CPU
		{C2E5C53C-0462-486E-8573-8C27232D17D2}.Release|ARM.Build.0 = Release|Any CPU
		{C2E5C53C-0462-486E-8573-8C27232D17D2}.Release|ARM64.ActiveCfg = Release|Any CPU
		{C2E5C53C-0462-486E-8573-8C27232D17D2}.Release|ARM64.Build.0 = Release|Any CPU
		{C2E5C53C-0462-486E-8573-8C27232D17D2}.Release|x64.ActiveCfg = Release|Any CPU
		{C2E5C53C-0462-486E-8573-8C27232D17D2}.Release|x64.Build.0 = Release|Any CPU
		{C2E5C53C-0462-486E-8573-8C27232D17D2}.Release|x86.ActiveCfg = Release|Any CPU
		{C2E5C53C-0462-486E-8573-8C27232D17D2}.Release|x86.Build.0 = Release|Any CPU
		{22DA7E64-568B-433A-A15B-00A7F320DBD6}.Debug|Any CPU.ActiveCfg = Debug|Any CPU
		{22DA7E64-568B-433A-A15B-00A7F320DBD6}.Debug|Any CPU.Build.0 = Debug|Any CPU
		{22DA7E64-568B-433A-A15B-00A7F320DBD6}.Debug|ARM.ActiveCfg = Debug|Any CPU
		{22DA7E64-568B-433A-A15B-00A7F320DBD6}.Debug|ARM.Build.0 = Debug|Any CPU
		{22DA7E64-568B-433A-A15B-00A7F320DBD6}.Debug|ARM64.ActiveCfg = Debug|Any CPU
		{22DA7E64-568B-433A-A15B-00A7F320DBD6}.Debug|ARM64.Build.0 = Debug|Any CPU
		{22DA7E64-568B-433A-A15B-00A7F320DBD6}.Debug|x64.ActiveCfg = Debug|Any CPU
		{22DA7E64-568B-433A-A15B-00A7F320DBD6}.Debug|x64.Build.0 = Debug|Any CPU
		{22DA7E64-568B-433A-A15B-00A7F320DBD6}.Debug|x86.ActiveCfg = Debug|Any CPU
		{22DA7E64-568B-433A-A15B-00A7F320DBD6}.Debug|x86.Build.0 = Debug|Any CPU
		{22DA7E64-568B-433A-A15B-00A7F320DBD6}.Release|Any CPU.ActiveCfg = Release|Any CPU
		{22DA7E64-568B-433A-A15B-00A7F320DBD6}.Release|Any CPU.Build.0 = Release|Any CPU
		{22DA7E64-568B-433A-A15B-00A7F320DBD6}.Release|ARM.ActiveCfg = Release|Any CPU
		{22DA7E64-568B-433A-A15B-00A7F320DBD6}.Release|ARM.Build.0 = Release|Any CPU
		{22DA7E64-568B-433A-A15B-00A7F320DBD6}.Release|ARM64.ActiveCfg = Release|Any CPU
		{22DA7E64-568B-433A-A15B-00A7F320DBD6}.Release|ARM64.Build.0 = Release|Any CPU
		{22DA7E64-568B-433A-A15B-00A7F320DBD6}.Release|x64.ActiveCfg = Release|Any CPU
		{22DA7E64-568B-433A-A15B-00A7F320DBD6}.Release|x64.Build.0 = Release|Any CPU
		{22DA7E64-568B-433A-A15B-00A7F320DBD6}.Release|x86.ActiveCfg = Release|Any CPU
		{22DA7E64-568B-433A-A15B-00A7F320DBD6}.Release|x86.Build.0 = Release|Any CPU
		{86E962CB-0538-4926-9B5D-23E5C3FDD211}.Debug|Any CPU.ActiveCfg = Debug|Any CPU
		{86E962CB-0538-4926-9B5D-23E5C3FDD211}.Debug|Any CPU.Build.0 = Debug|Any CPU
		{86E962CB-0538-4926-9B5D-23E5C3FDD211}.Debug|ARM.ActiveCfg = Debug|Any CPU
		{86E962CB-0538-4926-9B5D-23E5C3FDD211}.Debug|ARM.Build.0 = Debug|Any CPU
		{86E962CB-0538-4926-9B5D-23E5C3FDD211}.Debug|ARM64.ActiveCfg = Debug|Any CPU
		{86E962CB-0538-4926-9B5D-23E5C3FDD211}.Debug|ARM64.Build.0 = Debug|Any CPU
		{86E962CB-0538-4926-9B5D-23E5C3FDD211}.Debug|x64.ActiveCfg = Debug|Any CPU
		{86E962CB-0538-4926-9B5D-23E5C3FDD211}.Debug|x64.Build.0 = Debug|Any CPU
		{86E962CB-0538-4926-9B5D-23E5C3FDD211}.Debug|x86.ActiveCfg = Debug|Any CPU
		{86E962CB-0538-4926-9B5D-23E5C3FDD211}.Debug|x86.Build.0 = Debug|Any CPU
		{86E962CB-0538-4926-9B5D-23E5C3FDD211}.Release|Any CPU.ActiveCfg = Release|Any CPU
		{86E962CB-0538-4926-9B5D-23E5C3FDD211}.Release|Any CPU.Build.0 = Release|Any CPU
		{86E962CB-0538-4926-9B5D-23E5C3FDD211}.Release|ARM.ActiveCfg = Release|Any CPU
		{86E962CB-0538-4926-9B5D-23E5C3FDD211}.Release|ARM.Build.0 = Release|Any CPU
		{86E962CB-0538-4926-9B5D-23E5C3FDD211}.Release|ARM64.ActiveCfg = Release|Any CPU
		{86E962CB-0538-4926-9B5D-23E5C3FDD211}.Release|ARM64.Build.0 = Release|Any CPU
		{86E962CB-0538-4926-9B5D-23E5C3FDD211}.Release|x64.ActiveCfg = Release|Any CPU
		{86E962CB-0538-4926-9B5D-23E5C3FDD211}.Release|x64.Build.0 = Release|Any CPU
		{86E962CB-0538-4926-9B5D-23E5C3FDD211}.Release|x86.ActiveCfg = Release|Any CPU
		{86E962CB-0538-4926-9B5D-23E5C3FDD211}.Release|x86.Build.0 = Release|Any CPU
		{D59E0F94-6AB6-4A9E-9CA5-1E9BBDDDB9F1}.Debug|Any CPU.ActiveCfg = Debug|Any CPU
		{D59E0F94-6AB6-4A9E-9CA5-1E9BBDDDB9F1}.Debug|Any CPU.Build.0 = Debug|Any CPU
		{D59E0F94-6AB6-4A9E-9CA5-1E9BBDDDB9F1}.Debug|ARM.ActiveCfg = Debug|Any CPU
		{D59E0F94-6AB6-4A9E-9CA5-1E9BBDDDB9F1}.Debug|ARM.Build.0 = Debug|Any CPU
		{D59E0F94-6AB6-4A9E-9CA5-1E9BBDDDB9F1}.Debug|ARM64.ActiveCfg = Debug|Any CPU
		{D59E0F94-6AB6-4A9E-9CA5-1E9BBDDDB9F1}.Debug|ARM64.Build.0 = Debug|Any CPU
		{D59E0F94-6AB6-4A9E-9CA5-1E9BBDDDB9F1}.Debug|x64.ActiveCfg = Debug|Any CPU
		{D59E0F94-6AB6-4A9E-9CA5-1E9BBDDDB9F1}.Debug|x64.Build.0 = Debug|Any CPU
		{D59E0F94-6AB6-4A9E-9CA5-1E9BBDDDB9F1}.Debug|x86.ActiveCfg = Debug|Any CPU
		{D59E0F94-6AB6-4A9E-9CA5-1E9BBDDDB9F1}.Debug|x86.Build.0 = Debug|Any CPU
		{D59E0F94-6AB6-4A9E-9CA5-1E9BBDDDB9F1}.Release|Any CPU.ActiveCfg = Release|Any CPU
		{D59E0F94-6AB6-4A9E-9CA5-1E9BBDDDB9F1}.Release|Any CPU.Build.0 = Release|Any CPU
		{D59E0F94-6AB6-4A9E-9CA5-1E9BBDDDB9F1}.Release|ARM.ActiveCfg = Release|Any CPU
		{D59E0F94-6AB6-4A9E-9CA5-1E9BBDDDB9F1}.Release|ARM.Build.0 = Release|Any CPU
		{D59E0F94-6AB6-4A9E-9CA5-1E9BBDDDB9F1}.Release|ARM64.ActiveCfg = Release|Any CPU
		{D59E0F94-6AB6-4A9E-9CA5-1E9BBDDDB9F1}.Release|ARM64.Build.0 = Release|Any CPU
		{D59E0F94-6AB6-4A9E-9CA5-1E9BBDDDB9F1}.Release|x64.ActiveCfg = Release|Any CPU
		{D59E0F94-6AB6-4A9E-9CA5-1E9BBDDDB9F1}.Release|x64.Build.0 = Release|Any CPU
		{D59E0F94-6AB6-4A9E-9CA5-1E9BBDDDB9F1}.Release|x86.ActiveCfg = Release|Any CPU
		{D59E0F94-6AB6-4A9E-9CA5-1E9BBDDDB9F1}.Release|x86.Build.0 = Release|Any CPU
		{7B2F4676-E48E-4E45-9BCB-2973F1C00C1B}.Debug|Any CPU.ActiveCfg = Debug|Any CPU
		{7B2F4676-E48E-4E45-9BCB-2973F1C00C1B}.Debug|Any CPU.Build.0 = Debug|Any CPU
		{7B2F4676-E48E-4E45-9BCB-2973F1C00C1B}.Debug|ARM.ActiveCfg = Debug|Any CPU
		{7B2F4676-E48E-4E45-9BCB-2973F1C00C1B}.Debug|ARM.Build.0 = Debug|Any CPU
		{7B2F4676-E48E-4E45-9BCB-2973F1C00C1B}.Debug|ARM64.ActiveCfg = Debug|Any CPU
		{7B2F4676-E48E-4E45-9BCB-2973F1C00C1B}.Debug|ARM64.Build.0 = Debug|Any CPU
		{7B2F4676-E48E-4E45-9BCB-2973F1C00C1B}.Debug|x64.ActiveCfg = Debug|Any CPU
		{7B2F4676-E48E-4E45-9BCB-2973F1C00C1B}.Debug|x64.Build.0 = Debug|Any CPU
		{7B2F4676-E48E-4E45-9BCB-2973F1C00C1B}.Debug|x86.ActiveCfg = Debug|Any CPU
		{7B2F4676-E48E-4E45-9BCB-2973F1C00C1B}.Debug|x86.Build.0 = Debug|Any CPU
		{7B2F4676-E48E-4E45-9BCB-2973F1C00C1B}.Release|Any CPU.ActiveCfg = Release|Any CPU
		{7B2F4676-E48E-4E45-9BCB-2973F1C00C1B}.Release|Any CPU.Build.0 = Release|Any CPU
		{7B2F4676-E48E-4E45-9BCB-2973F1C00C1B}.Release|ARM.ActiveCfg = Release|Any CPU
		{7B2F4676-E48E-4E45-9BCB-2973F1C00C1B}.Release|ARM.Build.0 = Release|Any CPU
		{7B2F4676-E48E-4E45-9BCB-2973F1C00C1B}.Release|ARM64.ActiveCfg = Release|Any CPU
		{7B2F4676-E48E-4E45-9BCB-2973F1C00C1B}.Release|ARM64.Build.0 = Release|Any CPU
		{7B2F4676-E48E-4E45-9BCB-2973F1C00C1B}.Release|x64.ActiveCfg = Release|Any CPU
		{7B2F4676-E48E-4E45-9BCB-2973F1C00C1B}.Release|x64.Build.0 = Release|Any CPU
		{7B2F4676-E48E-4E45-9BCB-2973F1C00C1B}.Release|x86.ActiveCfg = Release|Any CPU
		{7B2F4676-E48E-4E45-9BCB-2973F1C00C1B}.Release|x86.Build.0 = Release|Any CPU
	EndGlobalSection
	GlobalSection(SolutionProperties) = preSolution
		HideSolutionNode = FALSE
	EndGlobalSection
	GlobalSection(NestedProjects) = preSolution
		{69BB0E72-9FA9-43B7-9673-1BCB6F7F3877} = {744F9D8A-F372-4002-9BEF-E48BAFE17048}
		{8FF442D1-2F42-4F30-B407-EB6464378DA7} = {744F9D8A-F372-4002-9BEF-E48BAFE17048}
		{8B74321E-4B8D-42C1-BD1D-1E41992B74D0} = {744F9D8A-F372-4002-9BEF-E48BAFE17048}
		{C2E5C53C-0462-486E-8573-8C27232D17D2} = {95FA637E-04AA-4504-B826-BE3FDB948851}
		{22DA7E64-568B-433A-A15B-00A7F320DBD6} = {95FA637E-04AA-4504-B826-BE3FDB948851}
		{86E962CB-0538-4926-9B5D-23E5C3FDD211} = {95FA637E-04AA-4504-B826-BE3FDB948851}
		{D59E0F94-6AB6-4A9E-9CA5-1E9BBDDDB9F1} = {95FA637E-04AA-4504-B826-BE3FDB948851}
		{7B2F4676-E48E-4E45-9BCB-2973F1C00C1B} = {744F9D8A-F372-4002-9BEF-E48BAFE17048}
	EndGlobalSection
	GlobalSection(ExtensibilityGlobals) = postSolution
		SolutionGuid = {20C7EB89-8492-4968-9E63-35DD40994AE9}
	EndGlobalSection
EndGlobal
