
Microsoft Visual Studio Solution File, Format Version 12.00
# Visual Studio Version 16
VisualStudioVersion = 16.0.29326.143
MinimumVisualStudioVersion = 10.0.40219.1
Project("{FAE04EC0-301F-11D3-BF4B-00C04F79EFBC}") = "Controls-WPF", "KinectTvV2.OldVersion\Controls-WPF.csproj", "{69BB0E72-9FA9-43B7-9673-1BCB6F7F3877}"
EndProject
Project("{FAE04EC0-301F-11D3-BF4B-00C04F79EFBC}") = "KinectTvV2.UWP", "KinectTvV2.UWP\KinectTvV2.UWP.csproj", "{DCDB0E0A-AB87-4067-ABB9-2B16C7C9BA60}"
EndProject
Project("{9A19103F-16F7-4668-BE54-9A1E7A4F7556}") = "KinectTvV2.Core", "KinectTvV2.Core\KinectTvV2.Core.csproj", "{8FF442D1-2F42-4F30-B407-EB6464378DA7}"
EndProject
Project("{9A19103F-16F7-4668-BE54-9A1E7A4F7556}") = "KinectTvV2.Infrastructure", "KinectTvV2.Infrastructure\KinectTvV2.Infrastructure.csproj", "{820F3D8C-A29F-4B0A-9509-F023A18B5B20}"
EndProject
Project("{9A19103F-16F7-4668-BE54-9A1E7A4F7556}") = "KinnectTvV2.Interfaces", "KinnectTvV2.Interfaces\KinnectTvV2.Interfaces.csproj", "{FDF12AC6-344F-4C65-8555-FB9CC33F36E3}"
EndProject
Project("{FAE04EC0-301F-11D3-BF4B-00C04F79EFBC}") = "KinnectTvV2.Tests", "KinnectTvV2.Tests\KinnectTvV2.Tests.csproj", "{8B74321E-4B8D-42C1-BD1D-1E41992B74D0}"
EndProject
Global
	GlobalSection(SolutionConfigurationPlatforms) = preSolution
		Debug|Any CPU = Debug|Any CPU
		Debug|ARM = Debug|ARM
		Debug|ARM64 = Debug|ARM64
		Debug|x64 = Debug|x64
		Debug|x86 = Debug|x86
		Release|Any CPU = Release|Any CPU
		Release|ARM = Release|ARM
		Release|ARM64 = Release|ARM64
		Release|x64 = Release|x64
		Release|x86 = Release|x86
	EndGlobalSection
	GlobalSection(ProjectConfigurationPlatforms) = postSolution
		{69BB0E72-9FA9-43B7-9673-1BCB6F7F3877}.Debug|Any CPU.ActiveCfg = Debug|Any CPU
		{69BB0E72-9FA9-43B7-9673-1BCB6F7F3877}.Debug|Any CPU.Build.0 = Debug|Any CPU
		{69BB0E72-9FA9-43B7-9673-1BCB6F7F3877}.Debug|ARM.ActiveCfg = Debug|Any CPU
		{69BB0E72-9FA9-43B7-9673-1BCB6F7F3877}.Debug|ARM.Build.0 = Debug|Any CPU
		{69BB0E72-9FA9-43B7-9673-1BCB6F7F3877}.Debug|ARM64.ActiveCfg = Debug|Any CPU
		{69BB0E72-9FA9-43B7-9673-1BCB6F7F3877}.Debug|ARM64.Build.0 = Debug|Any CPU
		{69BB0E72-9FA9-43B7-9673-1BCB6F7F3877}.Debug|x64.ActiveCfg = Debug|Any CPU
		{69BB0E72-9FA9-43B7-9673-1BCB6F7F3877}.Debug|x64.Build.0 = Debug|Any CPU
		{69BB0E72-9FA9-43B7-9673-1BCB6F7F3877}.Debug|x86.ActiveCfg = Debug|Any CPU
		{69BB0E72-9FA9-43B7-9673-1BCB6F7F3877}.Debug|x86.Build.0 = Debug|Any CPU
		{69BB0E72-9FA9-43B7-9673-1BCB6F7F3877}.Release|Any CPU.ActiveCfg = Release|Any CPU
		{69BB0E72-9FA9-43B7-9673-1BCB6F7F3877}.Release|Any CPU.Build.0 = Release|Any CPU
		{69BB0E72-9FA9-43B7-9673-1BCB6F7F3877}.Release|ARM.ActiveCfg = Release|Any CPU
		{69BB0E72-9FA9-43B7-9673-1BCB6F7F3877}.Release|ARM.Build.0 = Release|Any CPU
		{69BB0E72-9FA9-43B7-9673-1BCB6F7F3877}.Release|ARM64.ActiveCfg = Release|Any CPU
		{69BB0E72-9FA9-43B7-9673-1BCB6F7F3877}.Release|ARM64.Build.0 = Release|Any CPU
		{69BB0E72-9FA9-43B7-9673-1BCB6F7F3877}.Release|x64.ActiveCfg = Release|Any CPU
		{69BB0E72-9FA9-43B7-9673-1BCB6F7F3877}.Release|x64.Build.0 = Release|Any CPU
		{69BB0E72-9FA9-43B7-9673-1BCB6F7F3877}.Release|x86.ActiveCfg = Release|Any CPU
		{69BB0E72-9FA9-43B7-9673-1BCB6F7F3877}.Release|x86.Build.0 = Release|Any CPU
		{DCDB0E0A-AB87-4067-ABB9-2B16C7C9BA60}.Debug|Any CPU.ActiveCfg = Debug|x86
		{DCDB0E0A-AB87-4067-ABB9-2B16C7C9BA60}.Debug|ARM.ActiveCfg = Debug|ARM
		{DCDB0E0A-AB87-4067-ABB9-2B16C7C9BA60}.Debug|ARM.Build.0 = Debug|ARM
		{DCDB0E0A-AB87-4067-ABB9-2B16C7C9BA60}.Debug|ARM.Deploy.0 = Debug|ARM
		{DCDB0E0A-AB87-4067-ABB9-2B16C7C9BA60}.Debug|ARM64.ActiveCfg = Debug|ARM64
		{DCDB0E0A-AB87-4067-ABB9-2B16C7C9BA60}.Debug|ARM64.Build.0 = Debug|ARM64
		{DCDB0E0A-AB87-4067-ABB9-2B16C7C9BA60}.Debug|ARM64.Deploy.0 = Debug|ARM64
		{DCDB0E0A-AB87-4067-ABB9-2B16C7C9BA60}.Debug|x64.ActiveCfg = Debug|x64
		{DCDB0E0A-AB87-4067-ABB9-2B16C7C9BA60}.Debug|x64.Build.0 = Debug|x64
		{DCDB0E0A-AB87-4067-ABB9-2B16C7C9BA60}.Debug|x64.Deploy.0 = Debug|x64
		{DCDB0E0A-AB87-4067-ABB9-2B16C7C9BA60}.Debug|x86.ActiveCfg = Debug|x86
		{DCDB0E0A-AB87-4067-ABB9-2B16C7C9BA60}.Debug|x86.Build.0 = Debug|x86
		{DCDB0E0A-AB87-4067-ABB9-2B16C7C9BA60}.Debug|x86.Deploy.0 = Debug|x86
		{DCDB0E0A-AB87-4067-ABB9-2B16C7C9BA60}.Release|Any CPU.ActiveCfg = Release|x86
		{DCDB0E0A-AB87-4067-ABB9-2B16C7C9BA60}.Release|ARM.ActiveCfg = Release|ARM
		{DCDB0E0A-AB87-4067-ABB9-2B16C7C9BA60}.Release|ARM.Build.0 = Release|ARM
		{DCDB0E0A-AB87-4067-ABB9-2B16C7C9BA60}.Release|ARM.Deploy.0 = Release|ARM
		{DCDB0E0A-AB87-4067-ABB9-2B16C7C9BA60}.Release|ARM64.ActiveCfg = Release|ARM64
		{DCDB0E0A-AB87-4067-ABB9-2B16C7C9BA60}.Release|ARM64.Build.0 = Release|ARM64
		{DCDB0E0A-AB87-4067-ABB9-2B16C7C9BA60}.Release|ARM64.Deploy.0 = Release|ARM64
		{DCDB0E0A-AB87-4067-ABB9-2B16C7C9BA60}.Release|x64.ActiveCfg = Release|x64
		{DCDB0E0A-AB87-4067-ABB9-2B16C7C9BA60}.Release|x64.Build.0 = Release|x64
		{DCDB0E0A-AB87-4067-ABB9-2B16C7C9BA60}.Release|x64.Deploy.0 = Release|x64
		{DCDB0E0A-AB87-4067-ABB9-2B16C7C9BA60}.Release|x86.ActiveCfg = Release|x86
		{DCDB0E0A-AB87-4067-ABB9-2B16C7C9BA60}.Release|x86.Build.0 = Release|x86
		{DCDB0E0A-AB87-4067-ABB9-2B16C7C9BA60}.Release|x86.Deploy.0 = Release|x86
		{8FF442D1-2F42-4F30-B407-EB6464378DA7}.Debug|Any CPU.ActiveCfg = Debug|Any CPU
		{8FF442D1-2F42-4F30-B407-EB6464378DA7}.Debug|Any CPU.Build.0 = Debug|Any CPU
		{8FF442D1-2F42-4F30-B407-EB6464378DA7}.Debug|ARM.ActiveCfg = Debug|Any CPU
		{8FF442D1-2F42-4F30-B407-EB6464378DA7}.Debug|ARM.Build.0 = Debug|Any CPU
		{8FF442D1-2F42-4F30-B407-EB6464378DA7}.Debug|ARM64.ActiveCfg = Debug|Any CPU
		{8FF442D1-2F42-4F30-B407-EB6464378DA7}.Debug|ARM64.Build.0 = Debug|Any CPU
		{8FF442D1-2F42-4F30-B407-EB6464378DA7}.Debug|x64.ActiveCfg = Debug|Any CPU
		{8FF442D1-2F42-4F30-B407-EB6464378DA7}.Debug|x64.Build.0 = Debug|Any CPU
		{8FF442D1-2F42-4F30-B407-EB6464378DA7}.Debug|x86.ActiveCfg = Debug|Any CPU
		{8FF442D1-2F42-4F30-B407-EB6464378DA7}.Debug|x86.Build.0 = Debug|Any CPU
		{8FF442D1-2F42-4F30-B407-EB6464378DA7}.Release|Any CPU.ActiveCfg = Release|Any CPU
		{8FF442D1-2F42-4F30-B407-EB6464378DA7}.Release|Any CPU.Build.0 = Release|Any CPU
		{8FF442D1-2F42-4F30-B407-EB6464378DA7}.Release|ARM.ActiveCfg = Release|Any CPU
		{8FF442D1-2F42-4F30-B407-EB6464378DA7}.Release|ARM.Build.0 = Release|Any CPU
		{8FF442D1-2F42-4F30-B407-EB6464378DA7}.Release|ARM64.ActiveCfg = Release|Any CPU
		{8FF442D1-2F42-4F30-B407-EB6464378DA7}.Release|ARM64.Build.0 = Release|Any CPU
		{8FF442D1-2F42-4F30-B407-EB6464378DA7}.Release|x64.ActiveCfg = Release|Any CPU
		{8FF442D1-2F42-4F30-B407-EB6464378DA7}.Release|x64.Build.0 = Release|Any CPU
		{8FF442D1-2F42-4F30-B407-EB6464378DA7}.Release|x86.ActiveCfg = Release|Any CPU
		{8FF442D1-2F42-4F30-B407-EB6464378DA7}.Release|x86.Build.0 = Release|Any CPU
		{820F3D8C-A29F-4B0A-9509-F023A18B5B20}.Debug|Any CPU.ActiveCfg = Debug|Any CPU
		{820F3D8C-A29F-4B0A-9509-F023A18B5B20}.Debug|Any CPU.Build.0 = Debug|Any CPU
		{820F3D8C-A29F-4B0A-9509-F023A18B5B20}.Debug|ARM.ActiveCfg = Debug|Any CPU
		{820F3D8C-A29F-4B0A-9509-F023A18B5B20}.Debug|ARM.Build.0 = Debug|Any CPU
		{820F3D8C-A29F-4B0A-9509-F023A18B5B20}.Debug|ARM64.ActiveCfg = Debug|Any CPU
		{820F3D8C-A29F-4B0A-9509-F023A18B5B20}.Debug|ARM64.Build.0 = Debug|Any CPU
		{820F3D8C-A29F-4B0A-9509-F023A18B5B20}.Debug|x64.ActiveCfg = Debug|Any CPU
		{820F3D8C-A29F-4B0A-9509-F023A18B5B20}.Debug|x64.Build.0 = Debug|Any CPU
		{820F3D8C-A29F-4B0A-9509-F023A18B5B20}.Debug|x86.ActiveCfg = Debug|Any CPU
		{820F3D8C-A29F-4B0A-9509-F023A18B5B20}.Debug|x86.Build.0 = Debug|Any CPU
		{820F3D8C-A29F-4B0A-9509-F023A18B5B20}.Release|Any CPU.ActiveCfg = Release|Any CPU
		{820F3D8C-A29F-4B0A-9509-F023A18B5B20}.Release|Any CPU.Build.0 = Release|Any CPU
		{820F3D8C-A29F-4B0A-9509-F023A18B5B20}.Release|ARM.ActiveCfg = Release|Any CPU
		{820F3D8C-A29F-4B0A-9509-F023A18B5B20}.Release|ARM.Build.0 = Release|Any CPU
		{820F3D8C-A29F-4B0A-9509-F023A18B5B20}.Release|ARM64.ActiveCfg = Release|Any CPU
		{820F3D8C-A29F-4B0A-9509-F023A18B5B20}.Release|ARM64.Build.0 = Release|Any CPU
		{820F3D8C-A29F-4B0A-9509-F023A18B5B20}.Release|x64.ActiveCfg = Release|Any CPU
		{820F3D8C-A29F-4B0A-9509-F023A18B5B20}.Release|x64.Build.0 = Release|Any CPU
		{820F3D8C-A29F-4B0A-9509-F023A18B5B20}.Release|x86.ActiveCfg = Release|Any CPU
		{820F3D8C-A29F-4B0A-9509-F023A18B5B20}.Release|x86.Build.0 = Release|Any CPU
		{FDF12AC6-344F-4C65-8555-FB9CC33F36E3}.Debug|Any CPU.ActiveCfg = Debug|Any CPU
		{FDF12AC6-344F-4C65-8555-FB9CC33F36E3}.Debug|Any CPU.Build.0 = Debug|Any CPU
		{FDF12AC6-344F-4C65-8555-FB9CC33F36E3}.Debug|ARM.ActiveCfg = Debug|Any CPU
		{FDF12AC6-344F-4C65-8555-FB9CC33F36E3}.Debug|ARM.Build.0 = Debug|Any CPU
		{FDF12AC6-344F-4C65-8555-FB9CC33F36E3}.Debug|ARM64.ActiveCfg = Debug|Any CPU
		{FDF12AC6-344F-4C65-8555-FB9CC33F36E3}.Debug|ARM64.Build.0 = Debug|Any CPU
		{FDF12AC6-344F-4C65-8555-FB9CC33F36E3}.Debug|x64.ActiveCfg = Debug|Any CPU
		{FDF12AC6-344F-4C65-8555-FB9CC33F36E3}.Debug|x64.Build.0 = Debug|Any CPU
		{FDF12AC6-344F-4C65-8555-FB9CC33F36E3}.Debug|x86.ActiveCfg = Debug|Any CPU
		{FDF12AC6-344F-4C65-8555-FB9CC33F36E3}.Debug|x86.Build.0 = Debug|Any CPU
		{FDF12AC6-344F-4C65-8555-FB9CC33F36E3}.Release|Any CPU.ActiveCfg = Release|Any CPU
		{FDF12AC6-344F-4C65-8555-FB9CC33F36E3}.Release|Any CPU.Build.0 = Release|Any CPU
		{FDF12AC6-344F-4C65-8555-FB9CC33F36E3}.Release|ARM.ActiveCfg = Release|Any CPU
		{FDF12AC6-344F-4C65-8555-FB9CC33F36E3}.Release|ARM.Build.0 = Release|Any CPU
		{FDF12AC6-344F-4C65-8555-FB9CC33F36E3}.Release|ARM64.ActiveCfg = Release|Any CPU
		{FDF12AC6-344F-4C65-8555-FB9CC33F36E3}.Release|ARM64.Build.0 = Release|Any CPU
		{FDF12AC6-344F-4C65-8555-FB9CC33F36E3}.Release|x64.ActiveCfg = Release|Any CPU
		{FDF12AC6-344F-4C65-8555-FB9CC33F36E3}.Release|x64.Build.0 = Release|Any CPU
		{FDF12AC6-344F-4C65-8555-FB9CC33F36E3}.Release|x86.ActiveCfg = Release|Any CPU
		{FDF12AC6-344F-4C65-8555-FB9CC33F36E3}.Release|x86.Build.0 = Release|Any CPU
		{8B74321E-4B8D-42C1-BD1D-1E41992B74D0}.Debug|Any CPU.ActiveCfg = Debug|Any CPU
		{8B74321E-4B8D-42C1-BD1D-1E41992B74D0}.Debug|Any CPU.Build.0 = Debug|Any CPU
		{8B74321E-4B8D-42C1-BD1D-1E41992B74D0}.Debug|ARM.ActiveCfg = Debug|Any CPU
		{8B74321E-4B8D-42C1-BD1D-1E41992B74D0}.Debug|ARM.Build.0 = Debug|Any CPU
		{8B74321E-4B8D-42C1-BD1D-1E41992B74D0}.Debug|ARM64.ActiveCfg = Debug|Any CPU
		{8B74321E-4B8D-42C1-BD1D-1E41992B74D0}.Debug|ARM64.Build.0 = Debug|Any CPU
		{8B74321E-4B8D-42C1-BD1D-1E41992B74D0}.Debug|x64.ActiveCfg = Debug|Any CPU
		{8B74321E-4B8D-42C1-BD1D-1E41992B74D0}.Debug|x64.Build.0 = Debug|Any CPU
		{8B74321E-4B8D-42C1-BD1D-1E41992B74D0}.Debug|x86.ActiveCfg = Debug|Any CPU
		{8B74321E-4B8D-42C1-BD1D-1E41992B74D0}.Debug|x86.Build.0 = Debug|Any CPU
		{8B74321E-4B8D-42C1-BD1D-1E41992B74D0}.Release|Any CPU.ActiveCfg = Release|Any CPU
		{8B74321E-4B8D-42C1-BD1D-1E41992B74D0}.Release|Any CPU.Build.0 = Release|Any CPU
		{8B74321E-4B8D-42C1-BD1D-1E41992B74D0}.Release|ARM.ActiveCfg = Release|Any CPU
		{8B74321E-4B8D-42C1-BD1D-1E41992B74D0}.Release|ARM.Build.0 = Release|Any CPU
		{8B74321E-4B8D-42C1-BD1D-1E41992B74D0}.Release|ARM64.ActiveCfg = Release|Any CPU
		{8B74321E-4B8D-42C1-BD1D-1E41992B74D0}.Release|ARM64.Build.0 = Release|Any CPU
		{8B74321E-4B8D-42C1-BD1D-1E41992B74D0}.Release|x64.ActiveCfg = Release|Any CPU
		{8B74321E-4B8D-42C1-BD1D-1E41992B74D0}.Release|x64.Build.0 = Release|Any CPU
		{8B74321E-4B8D-42C1-BD1D-1E41992B74D0}.Release|x86.ActiveCfg = Release|Any CPU
		{8B74321E-4B8D-42C1-BD1D-1E41992B74D0}.Release|x86.Build.0 = Release|Any CPU
	EndGlobalSection
	GlobalSection(SolutionProperties) = preSolution
		HideSolutionNode = FALSE
	EndGlobalSection
	GlobalSection(ExtensibilityGlobals) = postSolution
		SolutionGuid = {20C7EB89-8492-4968-9E63-35DD40994AE9}
	EndGlobalSection
EndGlobal
